// !$*UTF8*$!
{
	archiveVersion = 1;
	classes = {
	};
	objectVersion = 48;
	objects = {

/* Begin PBXBuildFile section */
		203A152D24220E84000C6247 /* Security.framework in Frameworks */ = {isa = PBXBuildFile; fileRef = 203A152C24220E84000C6247 /* Security.framework */; };
		203A152F24220E8E000C6247 /* CoreGraphics.framework in Frameworks */ = {isa = PBXBuildFile; fileRef = 203A152E24220E8E000C6247 /* CoreGraphics.framework */; };
		203A153124220E97000C6247 /* WebKit.framework in Frameworks */ = {isa = PBXBuildFile; fileRef = 203A153024220E97000C6247 /* WebKit.framework */; };
		203A153A24221116000C6247 /* libc++.tbd in Frameworks */ = {isa = PBXBuildFile; fileRef = 203A153924221116000C6247 /* libc++.tbd */; };
		206E14312418D7BA0045B947 /* AppDelegate.m in Sources */ = {isa = PBXBuildFile; fileRef = 206E14302418D7BA0045B947 /* AppDelegate.m */; };
		206E14342418D7BA0045B947 /* ViewController.m in Sources */ = {isa = PBXBuildFile; fileRef = 206E14332418D7BA0045B947 /* ViewController.m */; };
		206E14372418D7BA0045B947 /* Main.storyboard in Resources */ = {isa = PBXBuildFile; fileRef = 206E14352418D7BA0045B947 /* Main.storyboard */; };
		206E14392418D7BA0045B947 /* Assets.xcassets in Resources */ = {isa = PBXBuildFile; fileRef = 206E14382418D7BA0045B947 /* Assets.xcassets */; };
		206E143C2418D7BA0045B947 /* LaunchScreen.storyboard in Resources */ = {isa = PBXBuildFile; fileRef = 206E143A2418D7BA0045B947 /* LaunchScreen.storyboard */; };
		206E143F2418D7BA0045B947 /* main.m in Sources */ = {isa = PBXBuildFile; fileRef = 206E143E2418D7BA0045B947 /* main.m */; };
		206E14492418D7BA0045B947 /* WaveSDKDemoTests.m in Sources */ = {isa = PBXBuildFile; fileRef = 206E14482418D7BA0045B947 /* WaveSDKDemoTests.m */; };
		206E14542418D7BA0045B947 /* WaveSDKDemoUITests.m in Sources */ = {isa = PBXBuildFile; fileRef = 206E14532418D7BA0045B947 /* WaveSDKDemoUITests.m */; };
		20C92256243D6B6800826D75 /* StoreKit.framework in Frameworks */ = {isa = PBXBuildFile; fileRef = 20C92255243D6B6800826D75 /* StoreKit.framework */; };
		20EE208C2429EDDE002B4D7B /* waveimage.bundle in Resources */ = {isa = PBXBuildFile; fileRef = 20EE208B2429EDDE002B4D7B /* waveimage.bundle */; };
		D4FCB2F4249218E30045F512 /* WaveSDK.framework in Frameworks */ = {isa = PBXBuildFile; fileRef = D4FCB2F3249218E30045F512 /* WaveSDK.framework */; };
/* End PBXBuildFile section */

/* Begin PBXContainerItemProxy section */
		206E14452418D7BA0045B947 /* PBXContainerItemProxy */ = {
			isa = PBXContainerItemProxy;
			containerPortal = 206E14242418D7BA0045B947 /* Project object */;
			proxyType = 1;
			remoteGlobalIDString = 206E142B2418D7BA0045B947;
			remoteInfo = WaveSDKDemo;
		};
		206E14502418D7BA0045B947 /* PBXContainerItemProxy */ = {
			isa = PBXContainerItemProxy;
			containerPortal = 206E14242418D7BA0045B947 /* Project object */;
			proxyType = 1;
			remoteGlobalIDString = 206E142B2418D7BA0045B947;
			remoteInfo = WaveSDKDemo;
		};
/* End PBXContainerItemProxy section */

/* Begin PBXFileReference section */
		203A152C24220E84000C6247 /* Security.framework */ = {isa = PBXFileReference; lastKnownFileType = wrapper.framework; name = Security.framework; path = System/Library/Frameworks/Security.framework; sourceTree = SDKROOT; };
		203A152E24220E8E000C6247 /* CoreGraphics.framework */ = {isa = PBXFileReference; lastKnownFileType = wrapper.framework; name = CoreGraphics.framework; path = System/Library/Frameworks/CoreGraphics.framework; sourceTree = SDKROOT; };
		203A153024220E97000C6247 /* WebKit.framework */ = {isa = PBXFileReference; lastKnownFileType = wrapper.framework; name = WebKit.framework; path = System/Library/Frameworks/WebKit.framework; sourceTree = SDKROOT; };
		203A153924221116000C6247 /* libc++.tbd */ = {isa = PBXFileReference; lastKnownFileType = "sourcecode.text-based-dylib-definition"; name = "libc++.tbd"; path = "usr/lib/libc++.tbd"; sourceTree = SDKROOT; };
		206E142C2418D7BA0045B947 /* WaveSDKDemo.app */ = {isa = PBXFileReference; explicitFileType = wrapper.application; includeInIndex = 0; path = WaveSDKDemo.app; sourceTree = BUILT_PRODUCTS_DIR; };
		206E142F2418D7BA0045B947 /* AppDelegate.h */ = {isa = PBXFileReference; lastKnownFileType = sourcecode.c.h; path = AppDelegate.h; sourceTree = "<group>"; };
		206E14302418D7BA0045B947 /* AppDelegate.m */ = {isa = PBXFileReference; lastKnownFileType = sourcecode.c.objc; path = AppDelegate.m; sourceTree = "<group>"; };
		206E14322418D7BA0045B947 /* ViewController.h */ = {isa = PBXFileReference; lastKnownFileType = sourcecode.c.h; path = ViewController.h; sourceTree = "<group>"; };
		206E14332418D7BA0045B947 /* ViewController.m */ = {isa = PBXFileReference; lastKnownFileType = sourcecode.c.objc; path = ViewController.m; sourceTree = "<group>"; };
		206E14362418D7BA0045B947 /* Base */ = {isa = PBXFileReference; lastKnownFileType = file.storyboard; name = Base; path = Base.lproj/Main.storyboard; sourceTree = "<group>"; };
		206E14382418D7BA0045B947 /* Assets.xcassets */ = {isa = PBXFileReference; lastKnownFileType = folder.assetcatalog; path = Assets.xcassets; sourceTree = "<group>"; };
		206E143B2418D7BA0045B947 /* Base */ = {isa = PBXFileReference; lastKnownFileType = file.storyboard; name = Base; path = Base.lproj/LaunchScreen.storyboard; sourceTree = "<group>"; };
		206E143D2418D7BA0045B947 /* Info.plist */ = {isa = PBXFileReference; lastKnownFileType = text.plist.xml; path = Info.plist; sourceTree = "<group>"; };
		206E143E2418D7BA0045B947 /* main.m */ = {isa = PBXFileReference; lastKnownFileType = sourcecode.c.objc; path = main.m; sourceTree = "<group>"; };
		206E14442418D7BA0045B947 /* WaveSDKDemoTests.xctest */ = {isa = PBXFileReference; explicitFileType = wrapper.cfbundle; includeInIndex = 0; path = WaveSDKDemoTests.xctest; sourceTree = BUILT_PRODUCTS_DIR; };
		206E14482418D7BA0045B947 /* WaveSDKDemoTests.m */ = {isa = PBXFileReference; lastKnownFileType = sourcecode.c.objc; path = WaveSDKDemoTests.m; sourceTree = "<group>"; };
		206E144A2418D7BA0045B947 /* Info.plist */ = {isa = PBXFileReference; lastKnownFileType = text.plist.xml; path = Info.plist; sourceTree = "<group>"; };
		206E144F2418D7BA0045B947 /* WaveSDKDemoUITests.xctest */ = {isa = PBXFileReference; explicitFileType = wrapper.cfbundle; includeInIndex = 0; path = WaveSDKDemoUITests.xctest; sourceTree = BUILT_PRODUCTS_DIR; };
		206E14532418D7BA0045B947 /* WaveSDKDemoUITests.m */ = {isa = PBXFileReference; lastKnownFileType = sourcecode.c.objc; path = WaveSDKDemoUITests.m; sourceTree = "<group>"; };
		206E14552418D7BA0045B947 /* Info.plist */ = {isa = PBXFileReference; lastKnownFileType = text.plist.xml; path = Info.plist; sourceTree = "<group>"; };
		20C92255243D6B6800826D75 /* StoreKit.framework */ = {isa = PBXFileReference; lastKnownFileType = wrapper.framework; name = StoreKit.framework; path = System/Library/Frameworks/StoreKit.framework; sourceTree = SDKROOT; };
		20EE208B2429EDDE002B4D7B /* waveimage.bundle */ = {isa = PBXFileReference; lastKnownFileType = "wrapper.plug-in"; path = waveimage.bundle; sourceTree = "<group>"; };
		D49982C6248DDE020022764C /* WaveSDKDemo.entitlements */ = {isa = PBXFileReference; lastKnownFileType = text.plist.entitlements; path = WaveSDKDemo.entitlements; sourceTree = "<group>"; };
		D4FCB2F3249218E30045F512 /* WaveSDK.framework */ = {isa = PBXFileReference; lastKnownFileType = wrapper.framework; path = WaveSDK.framework; sourceTree = "<group>"; };
/* End PBXFileReference section */

/* Begin PBXFrameworksBuildPhase section */
		206E14292418D7BA0045B947 /* Frameworks */ = {
			isa = PBXFrameworksBuildPhase;
			buildActionMask = 2147483647;
			files = (
				203A153A24221116000C6247 /* libc++.tbd in Frameworks */,
				203A153124220E97000C6247 /* WebKit.framework in Frameworks */,
				D4FCB2F4249218E30045F512 /* WaveSDK.framework in Frameworks */,
				203A152F24220E8E000C6247 /* CoreGraphics.framework in Frameworks */,
				20C92256243D6B6800826D75 /* StoreKit.framework in Frameworks */,
				203A152D24220E84000C6247 /* Security.framework in Frameworks */,
			);
			runOnlyForDeploymentPostprocessing = 0;
		};
		206E14412418D7BA0045B947 /* Frameworks */ = {
			isa = PBXFrameworksBuildPhase;
			buildActionMask = 2147483647;
			files = (
			);
			runOnlyForDeploymentPostprocessing = 0;
		};
		206E144C2418D7BA0045B947 /* Frameworks */ = {
			isa = PBXFrameworksBuildPhase;
			buildActionMask = 2147483647;
			files = (
			);
			runOnlyForDeploymentPostprocessing = 0;
		};
/* End PBXFrameworksBuildPhase section */

/* Begin PBXGroup section */
		203A152B24220E84000C6247 /* Frameworks */ = {
			isa = PBXGroup;
			children = (
				20C92255243D6B6800826D75 /* StoreKit.framework */,
				203A153924221116000C6247 /* libc++.tbd */,
				203A153024220E97000C6247 /* WebKit.framework */,
				203A152E24220E8E000C6247 /* CoreGraphics.framework */,
				203A152C24220E84000C6247 /* Security.framework */,
			);
			name = Frameworks;
			sourceTree = "<group>";
		};
		206E14232418D7BA0045B947 = {
			isa = PBXGroup;
			children = (
				206E142E2418D7BA0045B947 /* WaveSDKDemo */,
				206E14472418D7BA0045B947 /* WaveSDKDemoTests */,
				206E14522418D7BA0045B947 /* WaveSDKDemoUITests */,
				206E142D2418D7BA0045B947 /* Products */,
				203A152B24220E84000C6247 /* Frameworks */,
			);
			sourceTree = "<group>";
		};
		206E142D2418D7BA0045B947 /* Products */ = {
			isa = PBXGroup;
			children = (
				206E142C2418D7BA0045B947 /* WaveSDKDemo.app */,
				206E14442418D7BA0045B947 /* WaveSDKDemoTests.xctest */,
				206E144F2418D7BA0045B947 /* WaveSDKDemoUITests.xctest */,
			);
			name = Products;
			sourceTree = "<group>";
		};
		206E142E2418D7BA0045B947 /* WaveSDKDemo */ = {
			isa = PBXGroup;
			children = (
				D49982C6248DDE020022764C /* WaveSDKDemo.entitlements */,
				D4FCB2F3249218E30045F512 /* WaveSDK.framework */,
				20EE208B2429EDDE002B4D7B /* waveimage.bundle */,
				206E142F2418D7BA0045B947 /* AppDelegate.h */,
				206E14302418D7BA0045B947 /* AppDelegate.m */,
				206E14322418D7BA0045B947 /* ViewController.h */,
				206E14332418D7BA0045B947 /* ViewController.m */,
				206E14352418D7BA0045B947 /* Main.storyboard */,
				206E14382418D7BA0045B947 /* Assets.xcassets */,
				206E143A2418D7BA0045B947 /* LaunchScreen.storyboard */,
				206E143D2418D7BA0045B947 /* Info.plist */,
				206E143E2418D7BA0045B947 /* main.m */,
			);
			path = WaveSDKDemo;
			sourceTree = "<group>";
		};
		206E14472418D7BA0045B947 /* WaveSDKDemoTests */ = {
			isa = PBXGroup;
			children = (
				206E14482418D7BA0045B947 /* WaveSDKDemoTests.m */,
				206E144A2418D7BA0045B947 /* Info.plist */,
			);
			path = WaveSDKDemoTests;
			sourceTree = "<group>";
		};
		206E14522418D7BA0045B947 /* WaveSDKDemoUITests */ = {
			isa = PBXGroup;
			children = (
				206E14532418D7BA0045B947 /* WaveSDKDemoUITests.m */,
				206E14552418D7BA0045B947 /* Info.plist */,
			);
			path = WaveSDKDemoUITests;
			sourceTree = "<group>";
		};
/* End PBXGroup section */

/* Begin PBXNativeTarget section */
		206E142B2418D7BA0045B947 /* WaveSDKDemo */ = {
			isa = PBXNativeTarget;
			buildConfigurationList = 206E14582418D7BA0045B947 /* Build configuration list for PBXNativeTarget "WaveSDKDemo" */;
			buildPhases = (
				206E14282418D7BA0045B947 /* Sources */,
				206E14292418D7BA0045B947 /* Frameworks */,
				206E142A2418D7BA0045B947 /* Resources */,
			);
			buildRules = (
			);
			dependencies = (
			);
			name = WaveSDKDemo;
			productName = WaveSDKDemo;
			productReference = 206E142C2418D7BA0045B947 /* WaveSDKDemo.app */;
			productType = "com.apple.product-type.application";
		};
		206E14432418D7BA0045B947 /* WaveSDKDemoTests */ = {
			isa = PBXNativeTarget;
			buildConfigurationList = 206E145B2418D7BA0045B947 /* Build configuration list for PBXNativeTarget "WaveSDKDemoTests" */;
			buildPhases = (
				206E14402418D7BA0045B947 /* Sources */,
				206E14412418D7BA0045B947 /* Frameworks */,
				206E14422418D7BA0045B947 /* Resources */,
			);
			buildRules = (
			);
			dependencies = (
				206E14462418D7BA0045B947 /* PBXTargetDependency */,
			);
			name = WaveSDKDemoTests;
			productName = WaveSDKDemoTests;
			productReference = 206E14442418D7BA0045B947 /* WaveSDKDemoTests.xctest */;
			productType = "com.apple.product-type.bundle.unit-test";
		};
		206E144E2418D7BA0045B947 /* WaveSDKDemoUITests */ = {
			isa = PBXNativeTarget;
			buildConfigurationList = 206E145E2418D7BA0045B947 /* Build configuration list for PBXNativeTarget "WaveSDKDemoUITests" */;
			buildPhases = (
				206E144B2418D7BA0045B947 /* Sources */,
				206E144C2418D7BA0045B947 /* Frameworks */,
				206E144D2418D7BA0045B947 /* Resources */,
			);
			buildRules = (
			);
			dependencies = (
				206E14512418D7BA0045B947 /* PBXTargetDependency */,
			);
			name = WaveSDKDemoUITests;
			productName = WaveSDKDemoUITests;
			productReference = 206E144F2418D7BA0045B947 /* WaveSDKDemoUITests.xctest */;
			productType = "com.apple.product-type.bundle.ui-testing";
		};
/* End PBXNativeTarget section */

/* Begin PBXProject section */
		206E14242418D7BA0045B947 /* Project object */ = {
			isa = PBXProject;
			attributes = {
				LastUpgradeCheck = 0920;
				ORGANIZATIONNAME = "Love Charlie";
				TargetAttributes = {
					206E142B2418D7BA0045B947 = {
						CreatedOnToolsVersion = 9.2;
						ProvisioningStyle = Automatic;
						SystemCapabilities = {
							com.apple.InAppPurchase = {
								enabled = 1;
							};
						};
					};
					206E14432418D7BA0045B947 = {
						CreatedOnToolsVersion = 9.2;
						ProvisioningStyle = Automatic;
						TestTargetID = 206E142B2418D7BA0045B947;
					};
					206E144E2418D7BA0045B947 = {
						CreatedOnToolsVersion = 9.2;
						ProvisioningStyle = Automatic;
						TestTargetID = 206E142B2418D7BA0045B947;
					};
				};
			};
			buildConfigurationList = 206E14272418D7BA0045B947 /* Build configuration list for PBXProject "WaveSDKDemo" */;
			compatibilityVersion = "Xcode 8.0";
			developmentRegion = en;
			hasScannedForEncodings = 0;
			knownRegions = (
				en,
				Base,
			);
			mainGroup = 206E14232418D7BA0045B947;
			productRefGroup = 206E142D2418D7BA0045B947 /* Products */;
			projectDirPath = "";
			projectRoot = "";
			targets = (
				206E142B2418D7BA0045B947 /* WaveSDKDemo */,
				206E14432418D7BA0045B947 /* WaveSDKDemoTests */,
				206E144E2418D7BA0045B947 /* WaveSDKDemoUITests */,
			);
		};
/* End PBXProject section */

/* Begin PBXResourcesBuildPhase section */
		206E142A2418D7BA0045B947 /* Resources */ = {
			isa = PBXResourcesBuildPhase;
			buildActionMask = 2147483647;
			files = (
				206E143C2418D7BA0045B947 /* LaunchScreen.storyboard in Resources */,
				206E14392418D7BA0045B947 /* Assets.xcassets in Resources */,
				20EE208C2429EDDE002B4D7B /* waveimage.bundle in Resources */,
				206E14372418D7BA0045B947 /* Main.storyboard in Resources */,
			);
			runOnlyForDeploymentPostprocessing = 0;
		};
		206E14422418D7BA0045B947 /* Resources */ = {
			isa = PBXResourcesBuildPhase;
			buildActionMask = 2147483647;
			files = (
			);
			runOnlyForDeploymentPostprocessing = 0;
		};
		206E144D2418D7BA0045B947 /* Resources */ = {
			isa = PBXResourcesBuildPhase;
			buildActionMask = 2147483647;
			files = (
			);
			runOnlyForDeploymentPostprocessing = 0;
		};
/* End PBXResourcesBuildPhase section */

/* Begin PBXSourcesBuildPhase section */
		206E14282418D7BA0045B947 /* Sources */ = {
			isa = PBXSourcesBuildPhase;
			buildActionMask = 2147483647;
			files = (
				206E14342418D7BA0045B947 /* ViewController.m in Sources */,
				206E143F2418D7BA0045B947 /* main.m in Sources */,
				206E14312418D7BA0045B947 /* AppDelegate.m in Sources */,
			);
			runOnlyForDeploymentPostprocessing = 0;
		};
		206E14402418D7BA0045B947 /* Sources */ = {
			isa = PBXSourcesBuildPhase;
			buildActionMask = 2147483647;
			files = (
				206E14492418D7BA0045B947 /* WaveSDKDemoTests.m in Sources */,
			);
			runOnlyForDeploymentPostprocessing = 0;
		};
		206E144B2418D7BA0045B947 /* Sources */ = {
			isa = PBXSourcesBuildPhase;
			buildActionMask = 2147483647;
			files = (
				206E14542418D7BA0045B947 /* WaveSDKDemoUITests.m in Sources */,
			);
			runOnlyForDeploymentPostprocessing = 0;
		};
/* End PBXSourcesBuildPhase section */

/* Begin PBXTargetDependency section */
		206E14462418D7BA0045B947 /* PBXTargetDependency */ = {
			isa = PBXTargetDependency;
			target = 206E142B2418D7BA0045B947 /* WaveSDKDemo */;
			targetProxy = 206E14452418D7BA0045B947 /* PBXContainerItemProxy */;
		};
		206E14512418D7BA0045B947 /* PBXTargetDependency */ = {
			isa = PBXTargetDependency;
			target = 206E142B2418D7BA0045B947 /* WaveSDKDemo */;
			targetProxy = 206E14502418D7BA0045B947 /* PBXContainerItemProxy */;
		};
/* End PBXTargetDependency section */

/* Begin PBXVariantGroup section */
		206E14352418D7BA0045B947 /* Main.storyboard */ = {
			isa = PBXVariantGroup;
			children = (
				206E14362418D7BA0045B947 /* Base */,
			);
			name = Main.storyboard;
			sourceTree = "<group>";
		};
		206E143A2418D7BA0045B947 /* LaunchScreen.storyboard */ = {
			isa = PBXVariantGroup;
			children = (
				206E143B2418D7BA0045B947 /* Base */,
			);
			name = LaunchScreen.storyboard;
			sourceTree = "<group>";
		};
/* End PBXVariantGroup section */

/* Begin XCBuildConfiguration section */
		206E14562418D7BA0045B947 /* Debug */ = {
			isa = XCBuildConfiguration;
			buildSettings = {
				ALWAYS_SEARCH_USER_PATHS = NO;
				CLANG_ANALYZER_NONNULL = YES;
				CLANG_ANALYZER_NUMBER_OBJECT_CONVERSION = YES_AGGRESSIVE;
				CLANG_CXX_LANGUAGE_STANDARD = "gnu++14";
				CLANG_CXX_LIBRARY = "libc++";
				CLANG_ENABLE_MODULES = YES;
				CLANG_ENABLE_OBJC_ARC = YES;
				CLANG_WARN_BLOCK_CAPTURE_AUTORELEASING = YES;
				CLANG_WARN_BOOL_CONVERSION = YES;
				CLANG_WARN_COMMA = YES;
				CLANG_WARN_CONSTANT_CONVERSION = YES;
				CLANG_WARN_DIRECT_OBJC_ISA_USAGE = YES_ERROR;
				CLANG_WARN_DOCUMENTATION_COMMENTS = YES;
				CLANG_WARN_EMPTY_BODY = YES;
				CLANG_WARN_ENUM_CONVERSION = YES;
				CLANG_WARN_INFINITE_RECURSION = YES;
				CLANG_WARN_INT_CONVERSION = YES;
				CLANG_WARN_NON_LITERAL_NULL_CONVERSION = YES;
				CLANG_WARN_OBJC_LITERAL_CONVERSION = YES;
				CLANG_WARN_OBJC_ROOT_CLASS = YES_ERROR;
				CLANG_WARN_RANGE_LOOP_ANALYSIS = YES;
				CLANG_WARN_STRICT_PROTOTYPES = YES;
				CLANG_WARN_SUSPICIOUS_MOVE = YES;
				CLANG_WARN_UNGUARDED_AVAILABILITY = YES_AGGRESSIVE;
				CLANG_WARN_UNREACHABLE_CODE = YES;
				CLANG_WARN__DUPLICATE_METHOD_MATCH = YES;
				CODE_SIGN_IDENTITY = "iPhone Developer";
				COPY_PHASE_STRIP = NO;
				DEBUG_INFORMATION_FORMAT = dwarf;
				ENABLE_STRICT_OBJC_MSGSEND = YES;
				ENABLE_TESTABILITY = YES;
				GCC_C_LANGUAGE_STANDARD = gnu11;
				GCC_DYNAMIC_NO_PIC = NO;
				GCC_NO_COMMON_BLOCKS = YES;
				GCC_OPTIMIZATION_LEVEL = 0;
				GCC_PREPROCESSOR_DEFINITIONS = (
					"DEBUG=1",
					"$(inherited)",
				);
				GCC_WARN_64_TO_32_BIT_CONVERSION = YES;
				GCC_WARN_ABOUT_RETURN_TYPE = YES_ERROR;
				GCC_WARN_UNDECLARED_SELECTOR = YES;
				GCC_WARN_UNINITIALIZED_AUTOS = YES_AGGRESSIVE;
				GCC_WARN_UNUSED_FUNCTION = YES;
				GCC_WARN_UNUSED_VARIABLE = YES;
				IPHONEOS_DEPLOYMENT_TARGET = 11.2;
				MTL_ENABLE_DEBUG_INFO = YES;
				ONLY_ACTIVE_ARCH = YES;
				SDKROOT = iphoneos;
			};
			name = Debug;
		};
		206E14572418D7BA0045B947 /* Release */ = {
			isa = XCBuildConfiguration;
			buildSettings = {
				ALWAYS_SEARCH_USER_PATHS = NO;
				CLANG_ANALYZER_NONNULL = YES;
				CLANG_ANALYZER_NUMBER_OBJECT_CONVERSION = YES_AGGRESSIVE;
				CLANG_CXX_LANGUAGE_STANDARD = "gnu++14";
				CLANG_CXX_LIBRARY = "libc++";
				CLANG_ENABLE_MODULES = YES;
				CLANG_ENABLE_OBJC_ARC = YES;
				CLANG_WARN_BLOCK_CAPTURE_AUTORELEASING = YES;
				CLANG_WARN_BOOL_CONVERSION = YES;
				CLANG_WARN_COMMA = YES;
				CLANG_WARN_CONSTANT_CONVERSION = YES;
				CLANG_WARN_DIRECT_OBJC_ISA_USAGE = YES_ERROR;
				CLANG_WARN_DOCUMENTATION_COMMENTS = YES;
				CLANG_WARN_EMPTY_BODY = YES;
				CLANG_WARN_ENUM_CONVERSION = YES;
				CLANG_WARN_INFINITE_RECURSION = YES;
				CLANG_WARN_INT_CONVERSION = YES;
				CLANG_WARN_NON_LITERAL_NULL_CONVERSION = YES;
				CLANG_WARN_OBJC_LITERAL_CONVERSION = YES;
				CLANG_WARN_OBJC_ROOT_CLASS = YES_ERROR;
				CLANG_WARN_RANGE_LOOP_ANALYSIS = YES;
				CLANG_WARN_STRICT_PROTOTYPES = YES;
				CLANG_WARN_SUSPICIOUS_MOVE = YES;
				CLANG_WARN_UNGUARDED_AVAILABILITY = YES_AGGRESSIVE;
				CLANG_WARN_UNREACHABLE_CODE = YES;
				CLANG_WARN__DUPLICATE_METHOD_MATCH = YES;
				CODE_SIGN_IDENTITY = "iPhone Developer";
				COPY_PHASE_STRIP = NO;
				DEBUG_INFORMATION_FORMAT = "dwarf-with-dsym";
				ENABLE_NS_ASSERTIONS = NO;
				ENABLE_STRICT_OBJC_MSGSEND = YES;
				GCC_C_LANGUAGE_STANDARD = gnu11;
				GCC_NO_COMMON_BLOCKS = YES;
				GCC_WARN_64_TO_32_BIT_CONVERSION = YES;
				GCC_WARN_ABOUT_RETURN_TYPE = YES_ERROR;
				GCC_WARN_UNDECLARED_SELECTOR = YES;
				GCC_WARN_UNINITIALIZED_AUTOS = YES_AGGRESSIVE;
				GCC_WARN_UNUSED_FUNCTION = YES;
				GCC_WARN_UNUSED_VARIABLE = YES;
				IPHONEOS_DEPLOYMENT_TARGET = 11.2;
				MTL_ENABLE_DEBUG_INFO = NO;
				SDKROOT = iphoneos;
				VALIDATE_PRODUCT = YES;
			};
			name = Release;
		};
		206E14592418D7BA0045B947 /* Debug */ = {
			isa = XCBuildConfiguration;
			buildSettings = {
				ASSETCATALOG_COMPILER_APPICON_NAME = AppIcon;
				CODE_SIGN_ENTITLEMENTS = WaveSDKDemo/WaveSDKDemo.entitlements;
				CODE_SIGN_STYLE = Automatic;
				DEVELOPMENT_TEAM = 56JULCDHU5;
				ENABLE_BITCODE = NO;
				FRAMEWORK_SEARCH_PATHS = (
					"$(inherited)",
					"$(PROJECT_DIR)/WaveSDKDemo",
				);
				INFOPLIST_FILE = WaveSDKDemo/Info.plist;
				IPHONEOS_DEPLOYMENT_TARGET = 10.0;
				LD_RUNPATH_SEARCH_PATHS = "$(inherited) @executable_path/Frameworks";
				OTHER_LDFLAGS = (
					"-ObjC",
					"-all_load",
				);
				PRODUCT_BUNDLE_IDENTIFIER = com.klw.game;
				PRODUCT_NAME = "$(TARGET_NAME)";
				TARGETED_DEVICE_FAMILY = 1;
			};
			name = Debug;
		};
		206E145A2418D7BA0045B947 /* Release */ = {
			isa = XCBuildConfiguration;
			buildSettings = {
				ASSETCATALOG_COMPILER_APPICON_NAME = AppIcon;
				CODE_SIGN_ENTITLEMENTS = WaveSDKDemo/WaveSDKDemo.entitlements;
				CODE_SIGN_STYLE = Automatic;
				DEVELOPMENT_TEAM = 56JULCDHU5;
				ENABLE_BITCODE = NO;
				FRAMEWORK_SEARCH_PATHS = (
					"$(inherited)",
					"$(PROJECT_DIR)/WaveSDKDemo",
				);
				INFOPLIST_FILE = WaveSDKDemo/Info.plist;
				IPHONEOS_DEPLOYMENT_TARGET = 10.0;
				LD_RUNPATH_SEARCH_PATHS = "$(inherited) @executable_path/Frameworks";
				OTHER_LDFLAGS = (
					"-ObjC",
					"-all_load",
				);
				PRODUCT_BUNDLE_IDENTIFIER = com.klw.game;
				PRODUCT_NAME = "$(TARGET_NAME)";
				TARGETED_DEVICE_FAMILY = 1;
			};
			name = Release;
		};
		206E145C2418D7BA0045B947 /* Debug */ = {
			isa = XCBuildConfiguration;
			buildSettings = {
				BUNDLE_LOADER = "$(TEST_HOST)";
				CODE_SIGN_STYLE = Automatic;
				DEVELOPMENT_TEAM = 56JULCDHU5;
				INFOPLIST_FILE = WaveSDKDemoTests/Info.plist;
				LD_RUNPATH_SEARCH_PATHS = "$(inherited) @executable_path/Frameworks @loader_path/Frameworks";
				PRODUCT_BUNDLE_IDENTIFIER = com.klw.game.WaveSDKDemoTests;
				PRODUCT_NAME = "$(TARGET_NAME)";
				TARGETED_DEVICE_FAMILY = "1,2";
				TEST_HOST = "$(BUILT_PRODUCTS_DIR)/WaveSDKDemo.app/WaveSDKDemo";
			};
			name = Debug;
		};
		206E145D2418D7BA0045B947 /* Release */ = {
			isa = XCBuildConfiguration;
			buildSettings = {
				BUNDLE_LOADER = "$(TEST_HOST)";
				CODE_SIGN_STYLE = Automatic;
				DEVELOPMENT_TEAM = 56JULCDHU5;
				INFOPLIST_FILE = WaveSDKDemoTests/Info.plist;
				LD_RUNPATH_SEARCH_PATHS = "$(inherited) @executable_path/Frameworks @loader_path/Frameworks";
				PRODUCT_BUNDLE_IDENTIFIER = com.klw.game.WaveSDKDemoTests;
				PRODUCT_NAME = "$(TARGET_NAME)";
				TARGETED_DEVICE_FAMILY = "1,2";
				TEST_HOST = "$(BUILT_PRODUCTS_DIR)/WaveSDKDemo.app/WaveSDKDemo";
			};
			name = Release;
		};
		206E145F2418D7BA0045B947 /* Debug */ = {
			isa = XCBuildConfiguration;
			buildSettings = {
				CODE_SIGN_STYLE = Automatic;
				DEVELOPMENT_TEAM = 56JULCDHU5;
				INFOPLIST_FILE = WaveSDKDemoUITests/Info.plist;
				LD_RUNPATH_SEARCH_PATHS = "$(inherited) @executable_path/Frameworks @loader_path/Frameworks";
				PRODUCT_BUNDLE_IDENTIFIER = com.klw.game.WaveSDKDemoUITests;
				PRODUCT_NAME = "$(TARGET_NAME)";
				TARGETED_DEVICE_FAMILY = "1,2";
				TEST_TARGET_NAME = WaveSDKDemo;
			};
			name = Debug;
		};
		206E14602418D7BA0045B947 /* Release */ = {
			isa = XCBuildConfiguration;
			buildSettings = {
				CODE_SIGN_STYLE = Automatic;
				DEVELOPMENT_TEAM = 56JULCDHU5;
				INFOPLIST_FILE = WaveSDKDemoUITests/Info.plist;
				LD_RUNPATH_SEARCH_PATHS = "$(inherited) @executable_path/Frameworks @loader_path/Frameworks";
				PRODUCT_BUNDLE_IDENTIFIER = com.klw.game.WaveSDKDemoUITests;
				PRODUCT_NAME = "$(TARGET_NAME)";
				TARGETED_DEVICE_FAMILY = "1,2";
				TEST_TARGET_NAME = WaveSDKDemo;
			};
			name = Release;
		};
/* End XCBuildConfiguration section */

/* Begin XCConfigurationList section */
		206E14272418D7BA0045B947 /* Build configuration list for PBXProject "WaveSDKDemo" */ = {
			isa = XCConfigurationList;
			buildConfigurations = (
				206E14562418D7BA0045B947 /* Debug */,
				206E14572418D7BA0045B947 /* Release */,
			);
			defaultConfigurationIsVisible = 0;
			defaultConfigurationName = Release;
		};
		206E14582418D7BA0045B947 /* Build configuration list for PBXNativeTarget "WaveSDKDemo" */ = {
			isa = XCConfigurationList;
			buildConfigurations = (
				206E14592418D7BA0045B947 /* Debug */,
				206E145A2418D7BA0045B947 /* Release */,
			);
			defaultConfigurationIsVisible = 0;
			defaultConfigurationName = Release;
		};
		206E145B2418D7BA0045B947 /* Build configuration list for PBXNativeTarget "WaveSDKDemoTests" */ = {
			isa = XCConfigurationList;
			buildConfigurations = (
				206E145C2418D7BA0045B947 /* Debug */,
				206E145D2418D7BA0045B947 /* Release */,
			);
			defaultConfigurationIsVisible = 0;
			defaultConfigurationName = Release;
		};
		206E145E2418D7BA0045B947 /* Build configuration list for PBXNativeTarget "WaveSDKDemoUITests" */ = {
			isa = XCConfigurationList;
			buildConfigurations = (
				206E145F2418D7BA0045B947 /* Debug */,
				206E14602418D7BA0045B947 /* Release */,
			);
			defaultConfigurationIsVisible = 0;
			defaultConfigurationName = Release;
		};
/* End XCConfigurationList section */
	};
	rootObject = 206E14242418D7BA0045B947 /* Project object */;
}
